// !$*UTF8*$!
{
	archiveVersion = 1;
	classes = {
	};
	objectVersion = 47;
	objects = {

/* Begin PBXBuildFile section */
		560D5A0C21FF5D1C00553AEC /* libcrypto.a in Frameworks */ = {isa = PBXBuildFile; fileRef = 560D5A0B21FF5D1C00553AEC /* libcrypto.a */; };
		560D5A0E21FF5D2500553AEC /* libimobiledevice.a in Frameworks */ = {isa = PBXBuildFile; fileRef = 560D5A0D21FF5D2500553AEC /* libimobiledevice.a */; };
		560D5A1021FF5D2B00553AEC /* libirecovery.a in Frameworks */ = {isa = PBXBuildFile; fileRef = 560D5A0F21FF5D2B00553AEC /* libirecovery.a */; };
		560D5A1221FF5D3700553AEC /* libplist.a in Frameworks */ = {isa = PBXBuildFile; fileRef = 560D5A1121FF5D3700553AEC /* libplist.a */; };
		560D5A1421FF5D4600553AEC /* libssl.a in Frameworks */ = {isa = PBXBuildFile; fileRef = 560D5A1321FF5D4600553AEC /* libssl.a */; };
		873FC1291E22D7B40089AE60 /* common.c in Sources */ = {isa = PBXBuildFile; fileRef = 873FC11E1E22D7B40089AE60 /* common.c */; };
		873FC12A1E22D7B40089AE60 /* dfu.c in Sources */ = {isa = PBXBuildFile; fileRef = 873FC1201E22D7B40089AE60 /* dfu.c */; };
		873FC12B1E22D7B40089AE60 /* idevicerestore.c in Sources */ = {isa = PBXBuildFile; fileRef = 873FC1231E22D7B40089AE60 /* idevicerestore.c */; };
		873FC12C1E22D7B40089AE60 /* normal.c in Sources */ = {isa = PBXBuildFile; fileRef = 873FC1251E22D7B40089AE60 /* normal.c */; };
		873FC12D1E22D7B40089AE60 /* recovery.c in Sources */ = {isa = PBXBuildFile; fileRef = 873FC1271E22D7B40089AE60 /* recovery.c */; };
		87FBE6521D2BCC0700FB5E05 /* main.c in Sources */ = {isa = PBXBuildFile; fileRef = 87FBE6511D2BCC0700FB5E05 /* main.c */; };
/* End PBXBuildFile section */

/* Begin PBXCopyFilesBuildPhase section */
		87FBE64C1D2BCC0700FB5E05 /* CopyFiles */ = {
			isa = PBXCopyFilesBuildPhase;
			buildActionMask = 2147483647;
			dstPath = /usr/share/man/man1/;
			dstSubfolderSpec = 0;
			files = (
			);
			runOnlyForDeploymentPostprocessing = 1;
		};
/* End PBXCopyFilesBuildPhase section */

/* Begin PBXFileReference section */
		560D5A0A21FF5CF700553AEC /* all.h */ = {isa = PBXFileReference; lastKnownFileType = sourcecode.c.h; path = all.h; sourceTree = "<group>"; };
		560D5A0B21FF5D1C00553AEC /* libcrypto.a */ = {isa = PBXFileReference; lastKnownFileType = archive.ar; name = libcrypto.a; path = ../../../../../usr/local/lib/libcrypto.a; sourceTree = "<group>"; };
		560D5A0D21FF5D2500553AEC /* libimobiledevice.a */ = {isa = PBXFileReference; lastKnownFileType = archive.ar; name = libimobiledevice.a; path = ../../../../../usr/local/lib/libimobiledevice.a; sourceTree = "<group>"; };
		560D5A0F21FF5D2B00553AEC /* libirecovery.a */ = {isa = PBXFileReference; lastKnownFileType = archive.ar; name = libirecovery.a; path = ../../../../../usr/local/lib/libirecovery.a; sourceTree = "<group>"; };
		560D5A1121FF5D3700553AEC /* libplist.a */ = {isa = PBXFileReference; lastKnownFileType = archive.ar; name = libplist.a; path = ../../../../../usr/local/lib/libplist.a; sourceTree = "<group>"; };
		560D5A1321FF5D4600553AEC /* libssl.a */ = {isa = PBXFileReference; lastKnownFileType = archive.ar; name = libssl.a; path = ../../../../../usr/local/lib/libssl.a; sourceTree = "<group>"; };
		873FC11E1E22D7B40089AE60 /* common.c */ = {isa = PBXFileReference; fileEncoding = 4; lastKnownFileType = sourcecode.c.c; path = common.c; sourceTree = "<group>"; };
		873FC11F1E22D7B40089AE60 /* common.h */ = {isa = PBXFileReference; fileEncoding = 4; lastKnownFileType = sourcecode.c.h; path = common.h; sourceTree = "<group>"; };
		873FC1201E22D7B40089AE60 /* dfu.c */ = {isa = PBXFileReference; fileEncoding = 4; lastKnownFileType = sourcecode.c.c; path = dfu.c; sourceTree = "<group>"; };
		873FC1211E22D7B40089AE60 /* dfu.h */ = {isa = PBXFileReference; fileEncoding = 4; lastKnownFileType = sourcecode.c.h; path = dfu.h; sourceTree = "<group>"; };
		873FC1221E22D7B40089AE60 /* endianness.h */ = {isa = PBXFileReference; fileEncoding = 4; lastKnownFileType = sourcecode.c.h; path = endianness.h; sourceTree = "<group>"; };
		873FC1231E22D7B40089AE60 /* idevicerestore.c */ = {isa = PBXFileReference; fileEncoding = 4; lastKnownFileType = sourcecode.c.c; path = idevicerestore.c; sourceTree = "<group>"; };
		873FC1241E22D7B40089AE60 /* idevicerestore.h */ = {isa = PBXFileReference; fileEncoding = 4; lastKnownFileType = sourcecode.c.h; path = idevicerestore.h; sourceTree = "<group>"; };
		873FC1251E22D7B40089AE60 /* normal.c */ = {isa = PBXFileReference; fileEncoding = 4; lastKnownFileType = sourcecode.c.c; path = normal.c; sourceTree = "<group>"; };
		873FC1261E22D7B40089AE60 /* normal.h */ = {isa = PBXFileReference; fileEncoding = 4; lastKnownFileType = sourcecode.c.h; path = normal.h; sourceTree = "<group>"; };
		873FC1271E22D7B40089AE60 /* recovery.c */ = {isa = PBXFileReference; fileEncoding = 4; lastKnownFileType = sourcecode.c.c; path = recovery.c; sourceTree = "<group>"; };
		873FC1281E22D7B40089AE60 /* recovery.h */ = {isa = PBXFileReference; fileEncoding = 4; lastKnownFileType = sourcecode.c.h; path = recovery.h; sourceTree = "<group>"; };
		87FBE64E1D2BCC0700FB5E05 /* igetnonce */ = {isa = PBXFileReference; explicitFileType = "compiled.mach-o.executable"; includeInIndex = 0; path = igetnonce; sourceTree = BUILT_PRODUCTS_DIR; };
		87FBE6511D2BCC0700FB5E05 /* main.c */ = {isa = PBXFileReference; lastKnownFileType = sourcecode.c.c; path = main.c; sourceTree = "<group>"; };
/* End PBXFileReference section */

/* Begin PBXFrameworksBuildPhase section */
		87FBE64B1D2BCC0700FB5E05 /* Frameworks */ = {
			isa = PBXFrameworksBuildPhase;
			buildActionMask = 2147483647;
			files = (
				560D5A1421FF5D4600553AEC /* libssl.a in Frameworks */,
				560D5A1221FF5D3700553AEC /* libplist.a in Frameworks */,
				560D5A1021FF5D2B00553AEC /* libirecovery.a in Frameworks */,
				560D5A0E21FF5D2500553AEC /* libimobiledevice.a in Frameworks */,
				560D5A0C21FF5D1C00553AEC /* libcrypto.a in Frameworks */,
			);
			runOnlyForDeploymentPostprocessing = 0;
		};
/* End PBXFrameworksBuildPhase section */

/* Begin PBXGroup section */
		560D5A0921FF5CD600553AEC /* idevicerestore */ = {
			isa = PBXGroup;
			children = (
				873FC11E1E22D7B40089AE60 /* common.c */,
				873FC11F1E22D7B40089AE60 /* common.h */,
				873FC1201E22D7B40089AE60 /* dfu.c */,
				873FC1211E22D7B40089AE60 /* dfu.h */,
				873FC1221E22D7B40089AE60 /* endianness.h */,
				873FC1231E22D7B40089AE60 /* idevicerestore.c */,
				873FC1241E22D7B40089AE60 /* idevicerestore.h */,
				873FC1251E22D7B40089AE60 /* normal.c */,
				873FC1261E22D7B40089AE60 /* normal.h */,
				873FC1271E22D7B40089AE60 /* recovery.c */,
				873FC1281E22D7B40089AE60 /* recovery.h */,
			);
			name = idevicerestore;
			sourceTree = "<group>";
		};
		873FC12E1E22D7E40089AE60 /* Frameworks */ = {
			isa = PBXGroup;
			children = (
				560D5A0B21FF5D1C00553AEC /* libcrypto.a */,
				560D5A0D21FF5D2500553AEC /* libimobiledevice.a */,
				560D5A0F21FF5D2B00553AEC /* libirecovery.a */,
				560D5A1121FF5D3700553AEC /* libplist.a */,
				560D5A1321FF5D4600553AEC /* libssl.a */,
			);
			name = Frameworks;
			sourceTree = "<group>";
		};
		87FBE6451D2BCC0700FB5E05 = {
			isa = PBXGroup;
			children = (
				87FBE6501D2BCC0700FB5E05 /* igetnonce */,
				87FBE64F1D2BCC0700FB5E05 /* Products */,
				873FC12E1E22D7E40089AE60 /* Frameworks */,
			);
			sourceTree = "<group>";
		};
		87FBE64F1D2BCC0700FB5E05 /* Products */ = {
			isa = PBXGroup;
			children = (
				87FBE64E1D2BCC0700FB5E05 /* igetnonce */,
			);
			name = Products;
			sourceTree = "<group>";
		};
		87FBE6501D2BCC0700FB5E05 /* igetnonce */ = {
			isa = PBXGroup;
			children = (
				560D5A0A21FF5CF700553AEC /* all.h */,
				560D5A0921FF5CD600553AEC /* idevicerestore */,
				87FBE6511D2BCC0700FB5E05 /* main.c */,
			);
			path = igetnonce;
			sourceTree = "<group>";
		};
/* End PBXGroup section */

/* Begin PBXNativeTarget section */
		87FBE64D1D2BCC0700FB5E05 /* igetnonce */ = {
			isa = PBXNativeTarget;
			buildConfigurationList = 87FBE6551D2BCC0700FB5E05 /* Build configuration list for PBXNativeTarget "igetnonce" */;
			buildPhases = (
				87FBE64A1D2BCC0700FB5E05 /* Sources */,
				87FBE64B1D2BCC0700FB5E05 /* Frameworks */,
				87FBE64C1D2BCC0700FB5E05 /* CopyFiles */,
				560D5A1521FF5E5B00553AEC /* Version bump */,
			);
			buildRules = (
			);
			dependencies = (
			);
			name = igetnonce;
			productName = igetnonce;
			productReference = 87FBE64E1D2BCC0700FB5E05 /* igetnonce */;
			productType = "com.apple.product-type.tool";
		};
/* End PBXNativeTarget section */

/* Begin PBXProject section */
		87FBE6461D2BCC0700FB5E05 /* Project object */ = {
			isa = PBXProject;
			attributes = {
				LastUpgradeCheck = 1010;
				ORGANIZATIONNAME = tihmstar;
				TargetAttributes = {
					87FBE64D1D2BCC0700FB5E05 = {
						CreatedOnToolsVersion = 7.2;
					};
				};
			};
			buildConfigurationList = 87FBE6491D2BCC0700FB5E05 /* Build configuration list for PBXProject "igetnonce" */;
			compatibilityVersion = "Xcode 6.3";
			developmentRegion = English;
			hasScannedForEncodings = 0;
			knownRegions = (
			);
			mainGroup = 87FBE6451D2BCC0700FB5E05;
			productRefGroup = 87FBE64F1D2BCC0700FB5E05 /* Products */;
			projectDirPath = "";
			projectRoot = "";
			targets = (
				87FBE64D1D2BCC0700FB5E05 /* igetnonce */,
			);
		};
/* End PBXProject section */

/* Begin PBXShellScriptBuildPhase section */
		560D5A1521FF5E5B00553AEC /* Version bump */ = {
			isa = PBXShellScriptBuildPhase;
			buildActionMask = 2147483647;
			files = (
			);
			inputFileListPaths = (
			);
			inputPaths = (
			);
			name = "Version bump";
			outputFileListPaths = (
			);
			outputPaths = (
			);
			runOnlyForDeploymentPostprocessing = 0;
			shellPath = /bin/sh;
			shellScript = "sed -i '.bak' \"s/.*IGETNONCE_VERSION_COUNT.*/#define IGETNONCE_VERSION_COUNT \\\"$(git rev-list --count HEAD)\\\"/\" ./igetnonce/all.h 2>/dev/null || sed -i \"s/.*IGETNONCE_VERSION_COUNT.*/#define IGETNONCE_VERSION_COUNT \\\"$(git rev-list --count HEAD)\\\"/\" ./igetnonce/all.h 2>/dev/null\nsed -i '.bak' \"s/.*IGETNONCE_VERSION_SHA.*/#define IGETNONCE_VERSION_SHA \\\"$(git rev-parse HEAD)\\\"/\" ./igetnonce/all.h 2>/dev/null || sed -i \"s/.*IGETNONCE_VERSION_SHA.*/#define IGETNONCE_VERSION_SHA \\\"$(git rev-parse HEAD)\\\"/\" ./igetnonce/all.h 2>/dev/null\n";
		};
/* End PBXShellScriptBuildPhase section */

/* Begin PBXSourcesBuildPhase section */
		87FBE64A1D2BCC0700FB5E05 /* Sources */ = {
			isa = PBXSourcesBuildPhase;
			buildActionMask = 2147483647;
			files = (
				873FC12D1E22D7B40089AE60 /* recovery.c in Sources */,
				873FC12A1E22D7B40089AE60 /* dfu.c in Sources */,
				873FC12C1E22D7B40089AE60 /* normal.c in Sources */,
				873FC1291E22D7B40089AE60 /* common.c in Sources */,
				873FC12B1E22D7B40089AE60 /* idevicerestore.c in Sources */,
				87FBE6521D2BCC0700FB5E05 /* main.c in Sources */,
			);
			runOnlyForDeploymentPostprocessing = 0;
		};
/* End PBXSourcesBuildPhase section */

/* Begin XCBuildConfiguration section */
		87FBE6531D2BCC0700FB5E05 /* Debug */ = {
			isa = XCBuildConfiguration;
			buildSettings = {
				ALWAYS_SEARCH_USER_PATHS = NO;
				CLANG_CXX_LANGUAGE_STANDARD = "gnu++0x";
				CLANG_CXX_LIBRARY = "libc++";
				CLANG_ENABLE_MODULES = YES;
				CLANG_ENABLE_OBJC_ARC = YES;
				CLANG_WARN_BLOCK_CAPTURE_AUTORELEASING = YES;
				CLANG_WARN_BOOL_CONVERSION = YES;
				CLANG_WARN_COMMA = YES;
				CLANG_WARN_CONSTANT_CONVERSION = YES;
				CLANG_WARN_DEPRECATED_OBJC_IMPLEMENTATIONS = YES;
				CLANG_WARN_DIRECT_OBJC_ISA_USAGE = YES_ERROR;
				CLANG_WARN_EMPTY_BODY = YES;
				CLANG_WARN_ENUM_CONVERSION = YES;
				CLANG_WARN_INFINITE_RECURSION = YES;
				CLANG_WARN_INT_CONVERSION = YES;
				CLANG_WARN_NON_LITERAL_NULL_CONVERSION = YES;
				CLANG_WARN_OBJC_IMPLICIT_RETAIN_SELF = YES;
				CLANG_WARN_OBJC_LITERAL_CONVERSION = YES;
				CLANG_WARN_OBJC_ROOT_CLASS = YES_ERROR;
				CLANG_WARN_RANGE_LOOP_ANALYSIS = YES;
				CLANG_WARN_STRICT_PROTOTYPES = YES;
				CLANG_WARN_SUSPICIOUS_MOVE = YES;
				CLANG_WARN_UNREACHABLE_CODE = YES;
				CLANG_WARN__DUPLICATE_METHOD_MATCH = YES;
				CODE_SIGN_IDENTITY = "-";
				COPY_PHASE_STRIP = NO;
				DEBUG_INFORMATION_FORMAT = dwarf;
				ENABLE_STRICT_OBJC_MSGSEND = YES;
				ENABLE_TESTABILITY = YES;
				GCC_C_LANGUAGE_STANDARD = gnu99;
				GCC_DYNAMIC_NO_PIC = NO;
				GCC_NO_COMMON_BLOCKS = YES;
				GCC_OPTIMIZATION_LEVEL = 0;
				GCC_PREPROCESSOR_DEFINITIONS = (
					"DEBUG=1",
					"$(inherited)",
				);
				GCC_WARN_64_TO_32_BIT_CONVERSION = YES;
				GCC_WARN_ABOUT_RETURN_TYPE = YES_ERROR;
				GCC_WARN_UNDECLARED_SELECTOR = YES;
				GCC_WARN_UNINITIALIZED_AUTOS = YES_AGGRESSIVE;
				GCC_WARN_UNUSED_FUNCTION = YES;
				GCC_WARN_UNUSED_VARIABLE = YES;
				HEADER_SEARCH_PATHS = /usr/local/include;
				INSTALL_PATH = /usr/local/bin;
				LIBRARY_SEARCH_PATHS = /usr/local/lib;
				MACOSX_DEPLOYMENT_TARGET = 10.11;
				MTL_ENABLE_DEBUG_INFO = YES;
				ONLY_ACTIVE_ARCH = YES;
				PRODUCT_BUNDLE_IDENTIFIER = net.tihmstar.igetnonce;
				PRODUCT_NAME = igetnonce;
				SDKROOT = macosx;
			};
			name = Debug;
		};
		87FBE6541D2BCC0700FB5E05 /* Release */ = {
			isa = XCBuildConfiguration;
			buildSettings = {
				ALWAYS_SEARCH_USER_PATHS = NO;
				CLANG_CXX_LANGUAGE_STANDARD = "gnu++0x";
				CLANG_CXX_LIBRARY = "libc++";
				CLANG_ENABLE_MODULES = YES;
				CLANG_ENABLE_OBJC_ARC = YES;
				CLANG_WARN_BLOCK_CAPTURE_AUTORELEASING = YES;
				CLANG_WARN_BOOL_CONVERSION = YES;
				CLANG_WARN_COMMA = YES;
				CLANG_WARN_CONSTANT_CONVERSION = YES;
				CLANG_WARN_DEPRECATED_OBJC_IMPLEMENTATIONS = YES;
				CLANG_WARN_DIRECT_OBJC_ISA_USAGE = YES_ERROR;
				CLANG_WARN_EMPTY_BODY = YES;
				CLANG_WARN_ENUM_CONVERSION = YES;
				CLANG_WARN_INFINITE_RECURSION = YES;
				CLANG_WARN_INT_CONVERSION = YES;
				CLANG_WARN_NON_LITERAL_NULL_CONVERSION = YES;
				CLANG_WARN_OBJC_IMPLICIT_RETAIN_SELF = YES;
				CLANG_WARN_OBJC_LITERAL_CONVERSION = YES;
				CLANG_WARN_OBJC_ROOT_CLASS = YES_ERROR;
				CLANG_WARN_RANGE_LOOP_ANALYSIS = YES;
				CLANG_WARN_STRICT_PROTOTYPES = YES;
				CLANG_WARN_SUSPICIOUS_MOVE = YES;
				CLANG_WARN_UNREACHABLE_CODE = YES;
				CLANG_WARN__DUPLICATE_METHOD_MATCH = YES;
				CODE_SIGN_IDENTITY = "-";
				COPY_PHASE_STRIP = NO;
				DEBUG_INFORMATION_FORMAT = "dwarf-with-dsym";
				ENABLE_NS_ASSERTIONS = NO;
				ENABLE_STRICT_OBJC_MSGSEND = YES;
				GCC_C_LANGUAGE_STANDARD = gnu99;
				GCC_NO_COMMON_BLOCKS = YES;
				GCC_WARN_64_TO_32_BIT_CONVERSION = YES;
				GCC_WARN_ABOUT_RETURN_TYPE = YES_ERROR;
				GCC_WARN_UNDECLARED_SELECTOR = YES;
				GCC_WARN_UNINITIALIZED_AUTOS = YES_AGGRESSIVE;
				GCC_WARN_UNUSED_FUNCTION = YES;
				GCC_WARN_UNUSED_VARIABLE = YES;
				HEADER_SEARCH_PATHS = /usr/local/include;
				INSTALL_PATH = /usr/local/bin;
				LIBRARY_SEARCH_PATHS = /usr/local/lib;
				MACOSX_DEPLOYMENT_TARGET = 10.11;
				MTL_ENABLE_DEBUG_INFO = NO;
				PRODUCT_BUNDLE_IDENTIFIER = net.tihmstar.igetnonce;
				PRODUCT_NAME = igetnonce;
				SDKROOT = macosx;
			};
			name = Release;
		};
		87FBE6561D2BCC0700FB5E05 /* Debug */ = {
			isa = XCBuildConfiguration;
			buildSettings = {
				ALWAYS_SEARCH_USER_PATHS = YES;
				HEADER_SEARCH_PATHS = /usr/local/include;
				LIBRARY_SEARCH_PATHS = /usr/local/lib;
				PRODUCT_BUNDLE_IDENTIFIER = net.tihmstar.igetnonce;
				PRODUCT_NAME = "$(TARGET_NAME)";
			};
			name = Debug;
		};
		87FBE6571D2BCC0700FB5E05 /* Release */ = {
			isa = XCBuildConfiguration;
			buildSettings = {
				ALWAYS_SEARCH_USER_PATHS = YES;
				HEADER_SEARCH_PATHS = /usr/local/include;
				LIBRARY_SEARCH_PATHS = /usr/local/lib;
				PRODUCT_BUNDLE_IDENTIFIER = net.tihmstar.igetnonce;
				PRODUCT_NAME = "$(TARGET_NAME)";
			};
			name = Release;
		};
/* End XCBuildConfiguration section */

/* Begin XCConfigurationList section */
		87FBE6491D2BCC0700FB5E05 /* Build configuration list for PBXProject "igetnonce" */ = {
			isa = XCConfigurationList;
			buildConfigurations = (
				87FBE6531D2BCC0700FB5E05 /* Debug */,
				87FBE6541D2BCC0700FB5E05 /* Release */,
			);
			defaultConfigurationIsVisible = 0;
			defaultConfigurationName = Release;
		};
		87FBE6551D2BCC0700FB5E05 /* Build configuration list for PBXNativeTarget "igetnonce" */ = {
			isa = XCConfigurationList;
			buildConfigurations = (
				87FBE6561D2BCC0700FB5E05 /* Debug */,
				87FBE6571D2BCC0700FB5E05 /* Release */,
			);
			defaultConfigurationIsVisible = 0;
			defaultConfigurationName = Release;
		};
/* End XCConfigurationList section */
	};
	rootObject = 87FBE6461D2BCC0700FB5E05 /* Project object */;
}
